schema: '2.0'
stages:
  train:
    cmd: python3 train.py
    deps:
    - path: data/data_iris/iris.csv
      hash: md5
      md5: 9c22f7cf3714d0c194f5f43a6276ca9d
      size: 3861
    - path: params.yaml
      hash: md5
      md5: de5764dd7e9a0894603c71ed8f44c3f4
      size: 535
    - path: train.py
      hash: md5
      md5: 67e14006cfc82c4c4ad8713671d14a2b
      size: 4906
    params:
      params.yaml:
        split.random_state: 42
        split.test_size: 0.4
        train.experiment_name: Iris_MultiModel_Training
        train.max_depth: 3
        train.model_name: IrisBestModel
        train.model_output_path: 
          /home/sahu_tanmay2104/iris_pipeline/data/artifacts/model_1.joblib
        train.random_state: 1
        train.storage_location: 
          file:///home/sahu_tanmay2104/iris_pipeline/mlruns/726659022008490292/models/m-6bced6e752e84d769a06585ac49bb591/artifacts
        train.tracking_uri: file:///home/sahu_tanmay2104/iris_pipeline/mlruns
    outs:
    - path: data/artifacts/model_1.joblib
      hash: md5
      md5: d976a41abcb44f38a86e5e1b67f82709
      size: 2577
  test:
    cmd: python3 test.py
    deps:
    - path: data/artifacts/model_1.joblib
      hash: md5
      md5: d976a41abcb44f38a86e5e1b67f82709
      size: 2577
    - path: test.py
      hash: md5
      md5: 324d16afd1a6ac9eee63ebb379935398
      size: 2927
    outs:
    - path: logs/sanity_check.log
      hash: md5
      md5: a032bdace3c8fc43a2c2cd35f73e575f
      size: 61
